
Microsoft Visual Studio Solution File, Format Version 12.00
# Visual Studio Version 17
VisualStudioVersion = 17.11.35312.102
MinimumVisualStudioVersion = 10.0.40219.1
Project("{FAE04EC0-301F-11D3-BF4B-00C04F79EFBC}") = "CinemaProject", "CinemaProject.csproj", "{B85C5866-C7EE-4B34-83EC-A8B59BB7112E}"
EndProject
Global
	GlobalSection(SolutionConfigurationPlatforms) = preSolution
		Debug|Any CPU = Debug|Any CPU
		Release|Any CPU = Release|Any CPU
	EndGlobalSection
	GlobalSection(ProjectConfigurationPlatforms) = postSolution
		{B85C5866-C7EE-4B34-83EC-A8B59BB7112E}.Debug|Any CPU.ActiveCfg = Debug|Any CPU
		{B85C5866-C7EE-4B34-83EC-A8B59BB7112E}.Debug|Any CPU.Build.0 = Debug|Any CPU
		{B85C5866-C7EE-4B34-83EC-A8B59BB7112E}.Release|Any CPU.ActiveCfg = Release|Any CPU
		{B85C5866-C7EE-4B34-83EC-A8B59BB7112E}.Release|Any CPU.Build.0 = Release|Any CPU
	EndGlobalSection
	GlobalSection(SolutionProperties) = preSolution
		HideSolutionNode = FALSE
	EndGlobalSection
	GlobalSection(ExtensibilityGlobals) = postSolution
		SolutionGuid = {467419BC-AE4F-432C-A6CE-22B8B0D80897}
	EndGlobalSection
EndGlobal
